
Microsoft Visual Studio Solution File, Format Version 12.00
# Visual Studio 2013
VisualStudioVersion = 12.0.21005.1
MinimumVisualStudioVersion = 10.0.40219.1
Project("{D2ABAB84-BF74-430A-B69E-9DC6D40DDA17}") = "Academic Perrformance", "Academic Perrformance\Academic Perrformance.dwproj", "{58B0E338-EF29-4E9E-AA79-54C3AC1F7B9D}"
EndProject
Global
	GlobalSection(SolutionConfigurationPlatforms) = preSolution
		Development|Default = Development|Default
	EndGlobalSection
	GlobalSection(ProjectConfigurationPlatforms) = postSolution
		{58B0E338-EF29-4E9E-AA79-54C3AC1F7B9D}.Development|Default.ActiveCfg = Development
		{58B0E338-EF29-4E9E-AA79-54C3AC1F7B9D}.Development|Default.Build.0 = Development
		{58B0E338-EF29-4E9E-AA79-54C3AC1F7B9D}.Development|Default.Deploy.0 = Development
	EndGlobalSection
	GlobalSection(SolutionProperties) = preSolution
		HideSolutionNode = FALSE
	EndGlobalSection
EndGlobal
